
Microsoft Visual Studio Solution File, Format Version 12.00
# Visual Studio Version 16
VisualStudioVersion = 16.0.29209.62
MinimumVisualStudioVersion = 10.0.40219.1
Project("{FAE04EC0-301F-11D3-BF4B-00C04F79EFBC}") = "Downloader Bot", "Downloader Bot\Downloader Bot.csproj", "{F7937721-8FD3-4F07-B2E9-F49943E22383}"
EndProject
Global
	GlobalSection(SolutionConfigurationPlatforms) = preSolution
		Debug|Any CPU = Debug|Any CPU
		Release|Any CPU = Release|Any CPU
	EndGlobalSection
	GlobalSection(ProjectConfigurationPlatforms) = postSolution
		{F7937721-8FD3-4F07-B2E9-F49943E22383}.Debug|Any CPU.ActiveCfg = Debug|Any CPU
		{F7937721-8FD3-4F07-B2E9-F49943E22383}.Debug|Any CPU.Build.0 = Debug|Any CPU
		{F7937721-8FD3-4F07-B2E9-F49943E22383}.Release|Any CPU.ActiveCfg = Release|Any CPU
		{F7937721-8FD3-4F07-B2E9-F49943E22383}.Release|Any CPU.Build.0 = Release|Any CPU
	EndGlobalSection
	GlobalSection(SolutionProperties) = preSolution
		HideSolutionNode = FALSE
	EndGlobalSection
	GlobalSection(ExtensibilityGlobals) = postSolution
		SolutionGuid = {311C4C85-E4EC-4B49-A0D7-E3CEF1CEB35C}
	EndGlobalSection
EndGlobal
